{
  "name": "paperslip",
  "version": "2.0.3",
  "lockfileVersion": 1,
  "requires": true,
  "dependencies": {
    "@hyperswarm/dht": {
      "version": "0.0.1",
      "resolved": "https://registry.npmjs.org/@hyperswarm/dht/-/dht-0.0.1.tgz",
      "integrity": "sha512-ocwfEAXVuiuqaMPNUcBVCZn9pguRYBTjCYiI/fwbnEYInzkPGo/KG/aWBSkKqN9lpKAWXRFLYJrgo7VDnAMCpg==",
      "requires": {
        "dht-rpc": "^4.0.1",
        "ipv4-peers": "^1.1.1",
        "protocol-buffers-encodings": "^1.1.0",
        "record-cache": "^1.1.0"
      }
    },
    "@hyperswarm/discovery": {
      "version": "1.2.0",
      "resolved": "https://registry.npmjs.org/@hyperswarm/discovery/-/discovery-1.2.0.tgz",
      "integrity": "sha512-PJfsF/lflqmiEJZTmD1TtxR5ZBKL/DYMhOOfEko23KUnLyFD/7IYUTQ/C51vZAKFY6eRTvaU56DBBLeodDJkeA==",
      "requires": {
        "@hyperswarm/dht": "0.0.1",
        "multicast-dns": "^7.2.0"
      },
      "dependencies": {
        "multicast-dns": {
          "version": "7.2.0",
          "resolved": "https://registry.npmjs.org/multicast-dns/-/multicast-dns-7.2.0.tgz",
          "integrity": "sha512-Tu2QORGOFANB124NWQ/JTRhMf/ODouVLEuvu5Dz8YWEU55zQgRgFGnBHfIh5PbfNDAuaRl7yLB+pgWhSqVxi2Q==",
          "requires": {
            "dns-packet": "^4.0.0",
            "thunky": "^1.0.2"
          }
        },
        "thunky": {
          "version": "1.0.3",
          "resolved": "https://registry.npmjs.org/thunky/-/thunky-1.0.3.tgz",
          "integrity": "sha512-YwT8pjmNcAXBZqrubu22P4FYsh2D4dxRmnWBOL8Jk8bUcRUtc5326kx32tuTmFDAZtLOGEVNl8POAR8j896Iow=="
        }
      }
    },
    "@hyperswarm/guts": {
      "version": "1.0.0",
      "resolved": "https://registry.npmjs.org/@hyperswarm/guts/-/guts-1.0.0.tgz",
      "integrity": "sha512-9ijUBidczEhXjQFuIBoxdURFPt+i6NPNCpFVMsr0zR19JP5cnXdMVEGJPGR4sCOQRXrjY+qF0QR5miUiQ5hCGQ==",
      "requires": {
        "@hyperswarm/discovery": "^1.2.0",
        "nanoresource": "^1.0.0",
        "utp-native": "^2.1.3"
      }
    },
    "@hyperswarm/network": {
      "version": "0.0.4",
      "resolved": "https://registry.npmjs.org/@hyperswarm/network/-/network-0.0.4.tgz",
      "integrity": "sha512-7+ove2aC16d3fDEunNsBmuS8tx1SQwuqtQn6O9HhCuTSe54iVsI6CnwGiSnJAFFY6lhghxNUV/CiqQyGoMxg7g==",
      "requires": {
        "@hyperswarm/discovery": "^1.1.0",
        "utp-native": "^2.0.1"
      }
    },
    "blake2b": {
      "version": "2.1.3",
      "resolved": "https://registry.npmjs.org/blake2b/-/blake2b-2.1.3.tgz",
      "integrity": "sha512-pkDss4xFVbMb4270aCyGD3qLv92314Et+FsKzilCLxDz5DuZ2/1g3w4nmBbu6nKApPspnjG7JcwTjGZnduB1yg==",
      "requires": {
        "blake2b-wasm": "^1.1.0",
        "nanoassert": "^1.0.0"
      }
    },
    "blake2b-wasm": {
      "version": "1.1.7",
      "resolved": "https://registry.npmjs.org/blake2b-wasm/-/blake2b-wasm-1.1.7.tgz",
      "integrity": "sha512-oFIHvXhlz/DUgF0kq5B1CqxIDjIJwh9iDeUUGQUcvgiGz7Wdw03McEO7CfLBy7QKGdsydcMCgO9jFNBAFCtFcA==",
      "requires": {
        "nanoassert": "^1.0.0"
      }
    },
    "codecs": {
      "version": "1.2.1",
      "resolved": "https://registry.npmjs.org/codecs/-/codecs-1.2.1.tgz",
      "integrity": "sha512-SPnx+ZHXVJ0qTInRXmnxuyu8PDvSzvop5MXp1BOr/urFQI3yL2n5ewE755skTklF/hKVlWj8cinGxdR2gvLvTA=="
    },
    "core-util-is": {
      "version": "1.0.2",
      "resolved": "https://registry.npmjs.org/core-util-is/-/core-util-is-1.0.2.tgz",
      "integrity": "sha1-tf1UIgqivFq1eqtxQMlAdUUDwac="
    },
    "dedent": {
      "version": "0.7.0",
      "resolved": "https://registry.npmjs.org/dedent/-/dedent-0.7.0.tgz",
      "integrity": "sha1-JJXduvbrh0q7Dhvp3yLS5aVEMmw="
    },
    "dht-rpc": {
      "version": "4.1.1",
      "resolved": "https://registry.npmjs.org/dht-rpc/-/dht-rpc-4.1.1.tgz",
      "integrity": "sha512-aNZbkZIBWDaCATP5WDAiiEKRvQ4qgBEAatQWwK4jOG+DR8cpdKTAerhV2O2a/rwg/e6fI9T5NY47l7Cy1k7FUQ==",
      "requires": {
        "codecs": "^1.2.1",
        "ipv4-peers": "^1.1.1",
        "k-bucket": "^5.0.0",
        "protocol-buffers-encodings": "^1.1.0",
        "sodium-universal": "^2.0.0",
        "stream-collector": "^1.0.1",
        "time-ordered-set": "^1.0.1",
        "xor-distance": "^1.0.0"
      }
    },
    "dns-packet": {
      "version": "4.2.0",
      "resolved": "http://registry.npmjs.org/dns-packet/-/dns-packet-4.2.0.tgz",
      "integrity": "sha512-bn1AKpfkFbm0MIioOMHZ5qJzl2uypdBwI4nYNsqvhjsegBhcKJUlCrMPWLx6JEezRjxZmxhtIz/FkBEur2l8Cw==",
      "requires": {
        "ip": "^1.1.5",
        "safe-buffer": "^5.1.1"
      }
    },
    "duplexify": {
      "version": "3.6.1",
      "resolved": "https://registry.npmjs.org/duplexify/-/duplexify-3.6.1.tgz",
      "integrity": "sha512-vM58DwdnKmty+FSPzT14K9JXb90H+j5emaR4KYbr2KTIz00WHGbWOe5ghQTx233ZCLZtrGDALzKwcjEtSt35mA==",
      "requires": {
        "end-of-stream": "^1.0.0",
        "inherits": "^2.0.1",
        "readable-stream": "^2.0.0",
        "stream-shift": "^1.0.0"
      }
    },
    "end-of-stream": {
      "version": "1.4.1",
      "resolved": "https://registry.npmjs.org/end-of-stream/-/end-of-stream-1.4.1.tgz",
      "integrity": "sha512-1MkrZNvWTKCaigbn+W15elq2BB/L22nqrSY5DKlo3X6+vclJm8Bb5djXJBmEX6fS3+zCh/F4VBK5Z2KxJt4s2Q==",
      "requires": {
        "once": "^1.4.0"
      }
    },
    "human-readable-ids": {
      "version": "1.0.4",
      "resolved": "https://registry.npmjs.org/human-readable-ids/-/human-readable-ids-1.0.4.tgz",
      "integrity": "sha512-h1zwThTims8A/SpqFGWyTx+jG1+WRMJaEeZgbtPGrIpj2AZjsOgy8Y+iNzJ0yAyN669Q6F02EK66WMWcst+2FA==",
      "requires": {
        "knuth-shuffle": "^1.0.0"
      }
    },
    "hyperswarm": {
      "version": "2.0.3",
      "resolved": "https://registry.npmjs.org/hyperswarm/-/hyperswarm-2.0.3.tgz",
      "integrity": "sha512-e8+dU9btWJnSs3Eee7cyvlOVPSjwB7Ayqzy7SWOWH16COyQq3Ebf1lUeJsvTcCGjtECWT+vySXWInbhAcIuzDg==",
      "requires": {
        "@hyperswarm/discovery": "^1.1.0",
        "@hyperswarm/guts": "1.0.0",
        "shuffled-priority-queue": "^2.1.0",
        "utp-native": "^2.1.3"
      }
    },
    "inherits": {
      "version": "2.0.3",
      "resolved": "https://registry.npmjs.org/inherits/-/inherits-2.0.3.tgz",
      "integrity": "sha1-Yzwsg+PaQqUC9SRmAiSA9CCCYd4="
    },
    "ini": {
      "version": "1.3.5",
      "resolved": "https://registry.npmjs.org/ini/-/ini-1.3.5.tgz",
      "integrity": "sha512-RZY5huIKCMRWDUqZlEi72f/lmXKMvuszcMBduliQ3nnWbx9X/ZBQO7DijMEYS9EhHBb2qacRUMtC7svLwe0lcw==",
      "optional": true
    },
    "ip": {
      "version": "1.1.5",
      "resolved": "https://registry.npmjs.org/ip/-/ip-1.1.5.tgz",
      "integrity": "sha1-vd7XARQpCCjAoDnnLvJfWq7ENUo="
    },
    "ipv4-peers": {
      "version": "1.1.1",
      "resolved": "https://registry.npmjs.org/ipv4-peers/-/ipv4-peers-1.1.1.tgz",
      "integrity": "sha1-hauGKg9SFFg+BRh2P34dd1riTXY="
    },
    "isarray": {
      "version": "1.0.0",
      "resolved": "https://registry.npmjs.org/isarray/-/isarray-1.0.0.tgz",
      "integrity": "sha1-u5NdSFgsuhaMBoNJV6VKPgcSTxE="
    },
    "k-bucket": {
      "version": "5.0.0",
      "resolved": "https://registry.npmjs.org/k-bucket/-/k-bucket-5.0.0.tgz",
      "integrity": "sha512-r/q+wV/Kde62/tk+rqyttEJn6h0jR7x+incdMVSYTqK73zVxVrzJa70kJL49cIKen8XjIgUZKSvk8ktnrQbK4w==",
      "requires": {
        "randombytes": "^2.0.3"
      }
    },
    "knuth-shuffle": {
      "version": "1.0.8",
      "resolved": "https://registry.npmjs.org/knuth-shuffle/-/knuth-shuffle-1.0.8.tgz",
      "integrity": "sha512-IdC4Hpp+mx53zTt6VAGsAtbGM0g4BV9fP8tTcviCosSwocHcRDw9uG5Rnv6wLWckF4r72qeXFoK9NkvV1gUJCQ=="
    },
    "minimist": {
      "version": "1.2.0",
      "resolved": "http://registry.npmjs.org/minimist/-/minimist-1.2.0.tgz",
      "integrity": "sha1-o1AIsg9BOD7sH7kU9M1d95omQoQ="
    },
    "nan": {
      "version": "2.12.1",
      "resolved": "https://registry.npmjs.org/nan/-/nan-2.12.1.tgz",
      "integrity": "sha512-JY7V6lRkStKcKTvHO5NVSQRv+RV+FIL5pvDoLiAtSL9pKlC5x9PKQcZDsq7m4FO4d57mkhC6Z+QhAh3Jdk5JFw==",
      "optional": true
    },
    "nanoassert": {
      "version": "1.1.0",
      "resolved": "https://registry.npmjs.org/nanoassert/-/nanoassert-1.1.0.tgz",
      "integrity": "sha1-TzFS4JVA/eKMdvRLGbvNHVpCR40="
    },
    "nanoresource": {
      "version": "1.2.0",
      "resolved": "https://registry.npmjs.org/nanoresource/-/nanoresource-1.2.0.tgz",
      "integrity": "sha512-6DJTce5okL9IQlVcswSsrLP4lQER52GkRMHAnkmHQNX1AqpT6VOE8y0MBartHJW3SV0ppC0wy0u4eAK3JARfpA=="
    },
    "napi-macros": {
      "version": "1.8.2",
      "resolved": "https://registry.npmjs.org/napi-macros/-/napi-macros-1.8.2.tgz",
      "integrity": "sha512-Tr0DNY4RzTaBG2W2m3l7ZtFuJChTH6VZhXVhkGGjF/4cZTt+i8GcM9ozD+30Lmr4mDoZ5Xx34t2o4GJqYWDGcg=="
    },
    "node-gyp-build": {
      "version": "3.7.0",
      "resolved": "https://registry.npmjs.org/node-gyp-build/-/node-gyp-build-3.7.0.tgz",
      "integrity": "sha512-L/Eg02Epx6Si2NXmedx+Okg+4UHqmaf3TNcxd50SF9NQGcJaON3AtU++kax69XV7YWz4tUspqZSAsVofhFKG2w=="
    },
    "once": {
      "version": "1.4.0",
      "resolved": "https://registry.npmjs.org/once/-/once-1.4.0.tgz",
      "integrity": "sha1-WDsap3WWHUsROsF9nFC6753Xa9E=",
      "requires": {
        "wrappy": "1"
      }
    },
    "process-nextick-args": {
      "version": "2.0.0",
      "resolved": "https://registry.npmjs.org/process-nextick-args/-/process-nextick-args-2.0.0.tgz",
      "integrity": "sha512-MtEC1TqN0EU5nephaJ4rAtThHtC86dNN9qCuEhtshvpVBkAW5ZO7BASN9REnF9eoXGcRub+pFuKEpOHE+HbEMw=="
    },
    "protocol-buffers-encodings": {
      "version": "1.1.0",
      "resolved": "https://registry.npmjs.org/protocol-buffers-encodings/-/protocol-buffers-encodings-1.1.0.tgz",
      "integrity": "sha512-SmjEuAf3hc3h3rWZ6V1YaaQw2MNJWK848gLJgzx/sefOJdNLujKinJVXIS0q2cBQpQn2Q32TinawZyDZPzm4kQ==",
      "requires": {
        "signed-varint": "^2.0.1",
        "varint": "^5.0.0"
      }
    },
    "randombytes": {
      "version": "2.0.6",
      "resolved": "https://registry.npmjs.org/randombytes/-/randombytes-2.0.6.tgz",
      "integrity": "sha512-CIQ5OFxf4Jou6uOKe9t1AOgqpeU5fd70A8NPdHSGeYXqXsPe6peOwI0cUl88RWZ6sP1vPMV3avd/R6cZ5/sP1A==",
      "requires": {
        "safe-buffer": "^5.1.0"
      }
    },
    "readable-stream": {
      "version": "2.3.6",
      "resolved": "http://registry.npmjs.org/readable-stream/-/readable-stream-2.3.6.tgz",
      "integrity": "sha512-tQtKA9WIAhBF3+VLAseyMqZeBjW0AHJoxOtYqSUZNJxauErmLbVm2FW1y+J/YA9dUrAC39ITejlZWhVIwawkKw==",
      "requires": {
        "core-util-is": "~1.0.0",
        "inherits": "~2.0.3",
        "isarray": "~1.0.0",
        "process-nextick-args": "~2.0.0",
        "safe-buffer": "~5.1.1",
        "string_decoder": "~1.1.1",
        "util-deprecate": "~1.0.1"
      }
    },
    "record-cache": {
      "version": "1.1.0",
      "resolved": "https://registry.npmjs.org/record-cache/-/record-cache-1.1.0.tgz",
      "integrity": "sha512-u8rbtLEJV7HRacl/ZYwSBFD8NFyB3PfTTfGLP37IW3hftQCwu6z4Q2RLyxo1YJUNRTEzJfpLpGwVuEYdaIkG9Q=="
    },
    "safe-buffer": {
      "version": "5.1.2",
      "resolved": "https://registry.npmjs.org/safe-buffer/-/safe-buffer-5.1.2.tgz",
      "integrity": "sha512-Gd2UZBJDkXlY7GbJxfsE8/nvKkUEU1G38c1siN6QP6a9PT9MmHB8GnpscSmMJSoF8LOIrt8ud/wPtojys4G6+g=="
    },
    "shuffled-priority-queue": {
      "version": "2.1.0",
      "resolved": "https://registry.npmjs.org/shuffled-priority-queue/-/shuffled-priority-queue-2.1.0.tgz",
      "integrity": "sha512-xhdh7fHyMsr0m/w2kDfRJuBFRS96b9l8ZPNWGaQ+PMvnUnZ/Eh+gJJ9NsHBd7P9k0399WYlCLzsy18EaMfyadA==",
      "requires": {
        "unordered-set": "^2.0.1"
      }
    },
    "signed-varint": {
      "version": "2.0.1",
      "resolved": "https://registry.npmjs.org/signed-varint/-/signed-varint-2.0.1.tgz",
      "integrity": "sha1-UKmYnafJjCxh2tEZvJdHDvhSgSk=",
      "requires": {
        "varint": "~5.0.0"
      }
    },
    "siphash24": {
      "version": "1.1.1",
      "resolved": "https://registry.npmjs.org/siphash24/-/siphash24-1.1.1.tgz",
      "integrity": "sha512-dKKwjIoTOa587TARYLlBRXq2lkbu5Iz35XrEVWpelhBP1m8r2BGOy1QlaZe84GTFHG/BTucEUd2btnNc8QzIVA==",
      "requires": {
        "nanoassert": "^1.0.0"
      }
    },
    "sodium-javascript": {
      "version": "0.5.5",
      "resolved": "https://registry.npmjs.org/sodium-javascript/-/sodium-javascript-0.5.5.tgz",
      "integrity": "sha512-UMmCHovws/sxIBZsIRhIl8uRPou/RFDD0vVop81T1hG106NLLgqajKKuHAOtAP6hflnZ0UrVA2VFwddTd/NQyA==",
      "requires": {
        "blake2b": "^2.1.1",
        "nanoassert": "^1.0.0",
        "siphash24": "^1.0.1",
        "xsalsa20": "^1.0.0"
      }
    },
    "sodium-native": {
      "version": "2.2.3",
      "resolved": "https://registry.npmjs.org/sodium-native/-/sodium-native-2.2.3.tgz",
      "integrity": "sha512-0rQvKwlWW86YmmAhosnJ6/2PR3mdAtfuWW147L4x3/gwfL7XiJ7mf2BPvBwU16vsYQNY1yxOQg9YT/MN6qoZOA==",
      "optional": true,
      "requires": {
        "ini": "^1.3.5",
        "nan": "^2.4.0",
        "node-gyp-build": "^3.0.0"
      }
    },
    "sodium-universal": {
      "version": "2.0.0",
      "resolved": "https://registry.npmjs.org/sodium-universal/-/sodium-universal-2.0.0.tgz",
      "integrity": "sha512-csdVyakzHJRyCevY4aZC2Eacda8paf+4nmRGF2N7KxCLKY2Ajn72JsExaQlJQ2BiXJncp44p3T+b80cU+2TTsg==",
      "requires": {
        "sodium-javascript": "~0.5.0",
        "sodium-native": "^2.0.0"
      }
    },
    "stream-collector": {
      "version": "1.0.1",
      "resolved": "https://registry.npmjs.org/stream-collector/-/stream-collector-1.0.1.tgz",
      "integrity": "sha1-TU5V8XE1YSGyxfZVn5RHBaso2xU=",
      "requires": {
        "once": "^1.3.1"
      }
    },
    "stream-shift": {
      "version": "1.0.0",
      "resolved": "https://registry.npmjs.org/stream-shift/-/stream-shift-1.0.0.tgz",
      "integrity": "sha1-1cdSgl5TZ+eG944Y5EXqIjoVWVI="
    },
    "string_decoder": {
      "version": "1.1.1",
      "resolved": "http://registry.npmjs.org/string_decoder/-/string_decoder-1.1.1.tgz",
      "integrity": "sha512-n/ShnvDi6FHbbVfviro+WojiFzv+s8MPMHBczVePfUpDJLwoLT0ht1l4YwBCbi8pJAveEEdnkHyPyTP/mzRfwg==",
      "requires": {
        "safe-buffer": "~5.1.0"
      }
    },
    "time-ordered-set": {
      "version": "1.0.2",
      "resolved": "https://registry.npmjs.org/time-ordered-set/-/time-ordered-set-1.0.2.tgz",
      "integrity": "sha512-vGO99JkxvgX+u+LtOKQEpYf31Kj3i/GNwVstfnh4dyINakMgeZCpew1e3Aj+06hEslhtHEd52g7m5IV+o1K8Mw=="
    },
    "timeout-refresh": {
      "version": "1.0.0",
      "resolved": "https://registry.npmjs.org/timeout-refresh/-/timeout-refresh-1.0.0.tgz",
      "integrity": "sha512-y5ajDPPtyhumr7xRnQgOMMVR5/EXMCVHPwM7RWnMUZx9UzT8FGRBtwG4/rh2AWHkDr7JR8dBHU6NDGx7tEiEAg=="
    },
    "unordered-set": {
      "version": "2.0.1",
      "resolved": "https://registry.npmjs.org/unordered-set/-/unordered-set-2.0.1.tgz",
      "integrity": "sha512-eUmNTPzdx+q/WvOHW0bgGYLWvWHNT3PTKEQLg0MAQhc0AHASHVHoP/9YytYd4RBVariqno/mEUhVZN98CmD7bg=="
    },
    "util-deprecate": {
      "version": "1.0.2",
      "resolved": "https://registry.npmjs.org/util-deprecate/-/util-deprecate-1.0.2.tgz",
      "integrity": "sha1-RQ1Nyfpw3nMnYvvS1KKJgUGaDM8="
    },
    "utp-native": {
      "version": "2.1.3",
      "resolved": "https://registry.npmjs.org/utp-native/-/utp-native-2.1.3.tgz",
      "integrity": "sha512-lXjmAJxlaz58GDFlEqKYkNzO5rqttA+/TVHl7UUAs8Saj1QJq/3D4IckuVpsmCsjjZod5N7sE8QMUCYScVHDpg==",
      "requires": {
        "napi-macros": "^1.8.1",
        "node-gyp-build": "^3.5.0",
        "readable-stream": "^3.0.2",
        "timeout-refresh": "^1.0.0",
        "unordered-set": "^2.0.1"
      },
      "dependencies": {
        "readable-stream": {
          "version": "3.1.1",
          "resolved": "https://registry.npmjs.org/readable-stream/-/readable-stream-3.1.1.tgz",
          "integrity": "sha512-DkN66hPyqDhnIQ6Jcsvx9bFjhw214O4poMBcIMgPVpQvNy9a0e0Uhg5SqySyDKAmUlwt8LonTBz1ezOnM8pUdA==",
          "requires": {
            "inherits": "^2.0.3",
            "string_decoder": "^1.1.1",
            "util-deprecate": "^1.0.1"
          }
        }
      }
    },
    "varint": {
      "version": "5.0.0",
      "resolved": "https://registry.npmjs.org/varint/-/varint-5.0.0.tgz",
      "integrity": "sha1-2Ca4n3SQcy+rwMDtaT7Uddyynr8="
    },
    "wrappy": {
      "version": "1.0.2",
      "resolved": "https://registry.npmjs.org/wrappy/-/wrappy-1.0.2.tgz",
      "integrity": "sha1-tSQ9jz7BqjXxNkYFvA0QNuMKtp8="
    },
    "xor-distance": {
      "version": "1.0.0",
      "resolved": "https://registry.npmjs.org/xor-distance/-/xor-distance-1.0.0.tgz",
      "integrity": "sha1-2nNdmyT8yo282bN00W0qAe6VQcY="
    },
    "xsalsa20": {
      "version": "1.0.2",
      "resolved": "https://registry.npmjs.org/xsalsa20/-/xsalsa20-1.0.2.tgz",
      "integrity": "sha512-g1DFmZ5JJ9Qzvt4dMw6m9IydqoCSP381ucU5zm46Owbk3bwmqAr8eEJirOPc7PrXRn45drzOpAyDp8jsnoyXyw=="
    }
  }
}
